// !$*UTF8*$!
{
	archiveVersion = 1;
	classes = {
	};
	objectVersion = 56;
	objects = {

/* Begin PBXBuildFile section */
		D4B32C5E2A8BD05600B648AF /* History_AppApp.swift in Sources */ = {isa = PBXBuildFile; fileRef = D4B32C5D2A8BD05600B648AF /* History_AppApp.swift */; };
		D4B32C602A8BD05600B648AF /* ContentView.swift in Sources */ = {isa = PBXBuildFile; fileRef = D4B32C5F2A8BD05600B648AF /* ContentView.swift */; };
		D4B32C622A8BD05600B648AF /* Assets.xcassets in Resources */ = {isa = PBXBuildFile; fileRef = D4B32C612A8BD05600B648AF /* Assets.xcassets */; };
		D4B32C652A8BD05600B648AF /* Preview Assets.xcassets in Resources */ = {isa = PBXBuildFile; fileRef = D4B32C642A8BD05600B648AF /* Preview Assets.xcassets */; };
		D4B32C6F2A8BD05600B648AF /* History_AppTests.swift in Sources */ = {isa = PBXBuildFile; fileRef = D4B32C6E2A8BD05600B648AF /* History_AppTests.swift */; };
		D4B32C792A8BD05600B648AF /* History_AppUITests.swift in Sources */ = {isa = PBXBuildFile; fileRef = D4B32C782A8BD05600B648AF /* History_AppUITests.swift */; };
		D4B32C7B2A8BD05600B648AF /* History_AppUITestsLaunchTests.swift in Sources */ = {isa = PBXBuildFile; fileRef = D4B32C7A2A8BD05600B648AF /* History_AppUITestsLaunchTests.swift */; };
/* End PBXBuildFile section */

/* Begin PBXContainerItemProxy section */
		D4B32C6B2A8BD05600B648AF /* PBXContainerItemProxy */ = {
			isa = PBXContainerItemProxy;
			containerPortal = D4B32C522A8BD05600B648AF /* Project object */;
			proxyType = 1;
			remoteGlobalIDString = D4B32C592A8BD05600B648AF;
			remoteInfo = History_App;
		};
		D4B32C752A8BD05600B648AF /* PBXContainerItemProxy */ = {
			isa = PBXContainerItemProxy;
			containerPortal = D4B32C522A8BD05600B648AF /* Project object */;
			proxyType = 1;
			remoteGlobalIDString = D4B32C592A8BD05600B648AF;
			remoteInfo = History_App;
		};
/* End PBXContainerItemProxy section */

/* Begin PBXFileReference section */
		D4B32C5A2A8BD05600B648AF /* History_App.app */ = {isa = PBXFileReference; explicitFileType = wrapper.application; includeInIndex = 0; path = History_App.app; sourceTree = BUILT_PRODUCTS_DIR; };
		D4B32C5D2A8BD05600B648AF /* History_AppApp.swift */ = {isa = PBXFileReference; lastKnownFileType = sourcecode.swift; path = History_AppApp.swift; sourceTree = "<group>"; };
		D4B32C5F2A8BD05600B648AF /* ContentView.swift */ = {isa = PBXFileReference; lastKnownFileType = sourcecode.swift; path = ContentView.swift; sourceTree = "<group>"; };
		D4B32C612A8BD05600B648AF /* Assets.xcassets */ = {isa = PBXFileReference; lastKnownFileType = folder.assetcatalog; path = Assets.xcassets; sourceTree = "<group>"; };
		D4B32C642A8BD05600B648AF /* Preview Assets.xcassets */ = {isa = PBXFileReference; lastKnownFileType = folder.assetcatalog; path = "Preview Assets.xcassets"; sourceTree = "<group>"; };
		D4B32C6A2A8BD05600B648AF /* History_AppTests.xctest */ = {isa = PBXFileReference; explicitFileType = wrapper.cfbundle; includeInIndex = 0; path = History_AppTests.xctest; sourceTree = BUILT_PRODUCTS_DIR; };
		D4B32C6E2A8BD05600B648AF /* History_AppTests.swift */ = {isa = PBXFileReference; lastKnownFileType = sourcecode.swift; path = History_AppTests.swift; sourceTree = "<group>"; };
		D4B32C742A8BD05600B648AF /* History_AppUITests.xctest */ = {isa = PBXFileReference; explicitFileType = wrapper.cfbundle; includeInIndex = 0; path = History_AppUITests.xctest; sourceTree = BUILT_PRODUCTS_DIR; };
		D4B32C782A8BD05600B648AF /* History_AppUITests.swift */ = {isa = PBXFileReference; lastKnownFileType = sourcecode.swift; path = History_AppUITests.swift; sourceTree = "<group>"; };
		D4B32C7A2A8BD05600B648AF /* History_AppUITestsLaunchTests.swift */ = {isa = PBXFileReference; lastKnownFileType = sourcecode.swift; path = History_AppUITestsLaunchTests.swift; sourceTree = "<group>"; };
/* End PBXFileReference section */

/* Begin PBXFrameworksBuildPhase section */
		D4B32C572A8BD05600B648AF /* Frameworks */ = {
			isa = PBXFrameworksBuildPhase;
			buildActionMask = 2147483647;
			files = (
			);
			runOnlyForDeploymentPostprocessing = 0;
		};
		D4B32C672A8BD05600B648AF /* Frameworks */ = {
			isa = PBXFrameworksBuildPhase;
			buildActionMask = 2147483647;
			files = (
			);
			runOnlyForDeploymentPostprocessing = 0;
		};
		D4B32C712A8BD05600B648AF /* Frameworks */ = {
			isa = PBXFrameworksBuildPhase;
			buildActionMask = 2147483647;
			files = (
			);
			runOnlyForDeploymentPostprocessing = 0;
		};
/* End PBXFrameworksBuildPhase section */

/* Begin PBXGroup section */
		D4B32C512A8BD05600B648AF = {
			isa = PBXGroup;
			children = (
				D4B32C5C2A8BD05600B648AF /* History_App */,
				D4B32C6D2A8BD05600B648AF /* History_AppTests */,
				D4B32C772A8BD05600B648AF /* History_AppUITests */,
				D4B32C5B2A8BD05600B648AF /* Products */,
			);
			sourceTree = "<group>";
		};
		D4B32C5B2A8BD05600B648AF /* Products */ = {
			isa = PBXGroup;
			children = (
				D4B32C5A2A8BD05600B648AF /* History_App.app */,
				D4B32C6A2A8BD05600B648AF /* History_AppTests.xctest */,
				D4B32C742A8BD05600B648AF /* History_AppUITests.xctest */,
			);
			name = Products;
			sourceTree = "<group>";
		};
		D4B32C5C2A8BD05600B648AF /* History_App */ = {
			isa = PBXGroup;
			children = (
				D4B32C5D2A8BD05600B648AF /* History_AppApp.swift */,
				D4B32C5F2A8BD05600B648AF /* ContentView.swift */,
				D4B32C612A8BD05600B648AF /* Assets.xcassets */,
				D4B32C632A8BD05600B648AF /* Preview Content */,
			);
			path = History_App;
			sourceTree = "<group>";
		};
		D4B32C632A8BD05600B648AF /* Preview Content */ = {
			isa = PBXGroup;
			children = (
				D4B32C642A8BD05600B648AF /* Preview Assets.xcassets */,
			);
			path = "Preview Content";
			sourceTree = "<group>";
		};
		D4B32C6D2A8BD05600B648AF /* History_AppTests */ = {
			isa = PBXGroup;
			children = (
				D4B32C6E2A8BD05600B648AF /* History_AppTests.swift */,
			);
			path = History_AppTests;
			sourceTree = "<group>";
		};
		D4B32C772A8BD05600B648AF /* History_AppUITests */ = {
			isa = PBXGroup;
			children = (
				D4B32C782A8BD05600B648AF /* History_AppUITests.swift */,
				D4B32C7A2A8BD05600B648AF /* History_AppUITestsLaunchTests.swift */,
			);
			path = History_AppUITests;
			sourceTree = "<group>";
		};
/* End PBXGroup section */

/* Begin PBXNativeTarget section */
		D4B32C592A8BD05600B648AF /* History_App */ = {
			isa = PBXNativeTarget;
			buildConfigurationList = D4B32C7E2A8BD05600B648AF /* Build configuration list for PBXNativeTarget "History_App" */;
			buildPhases = (
				D4B32C562A8BD05600B648AF /* Sources */,
				D4B32C572A8BD05600B648AF /* Frameworks */,
				D4B32C582A8BD05600B648AF /* Resources */,
			);
			buildRules = (
			);
			dependencies = (
			);
			name = History_App;
			productName = History_App;
			productReference = D4B32C5A2A8BD05600B648AF /* History_App.app */;
			productType = "com.apple.product-type.application";
		};
		D4B32C692A8BD05600B648AF /* History_AppTests */ = {
			isa = PBXNativeTarget;
			buildConfigurationList = D4B32C812A8BD05600B648AF /* Build configuration list for PBXNativeTarget "History_AppTests" */;
			buildPhases = (
				D4B32C662A8BD05600B648AF /* Sources */,
				D4B32C672A8BD05600B648AF /* Frameworks */,
				D4B32C682A8BD05600B648AF /* Resources */,
			);
			buildRules = (
			);
			dependencies = (
				D4B32C6C2A8BD05600B648AF /* PBXTargetDependency */,
			);
			name = History_AppTests;
			productName = History_AppTests;
			productReference = D4B32C6A2A8BD05600B648AF /* History_AppTests.xctest */;
			productType = "com.apple.product-type.bundle.unit-test";
		};
		D4B32C732A8BD05600B648AF /* History_AppUITests */ = {
			isa = PBXNativeTarget;
			buildConfigurationList = D4B32C842A8BD05600B648AF /* Build configuration list for PBXNativeTarget "History_AppUITests" */;
			buildPhases = (
				D4B32C702A8BD05600B648AF /* Sources */,
				D4B32C712A8BD05600B648AF /* Frameworks */,
				D4B32C722A8BD05600B648AF /* Resources */,
			);
			buildRules = (
			);
			dependencies = (
				D4B32C762A8BD05600B648AF /* PBXTargetDependency */,
			);
			name = History_AppUITests;
			productName = History_AppUITests;
			productReference = D4B32C742A8BD05600B648AF /* History_AppUITests.xctest */;
			productType = "com.apple.product-type.bundle.ui-testing";
		};
/* End PBXNativeTarget section */

/* Begin PBXProject section */
		D4B32C522A8BD05600B648AF /* Project object */ = {
			isa = PBXProject;
			attributes = {
				BuildIndependentTargetsInParallel = 1;
				LastSwiftUpdateCheck = 1430;
				LastUpgradeCheck = 1430;
				TargetAttributes = {
					D4B32C592A8BD05600B648AF = {
						CreatedOnToolsVersion = 14.3.1;
					};
					D4B32C692A8BD05600B648AF = {
						CreatedOnToolsVersion = 14.3.1;
						TestTargetID = D4B32C592A8BD05600B648AF;
					};
					D4B32C732A8BD05600B648AF = {
						CreatedOnToolsVersion = 14.3.1;
						TestTargetID = D4B32C592A8BD05600B648AF;
					};
				};
			};
			buildConfigurationList = D4B32C552A8BD05600B648AF /* Build configuration list for PBXProject "History_App" */;
			compatibilityVersion = "Xcode 14.0";
			developmentRegion = en;
			hasScannedForEncodings = 0;
			knownRegions = (
				en,
				Base,
			);
			mainGroup = D4B32C512A8BD05600B648AF;
			productRefGroup = D4B32C5B2A8BD05600B648AF /* Products */;
			projectDirPath = "";
			projectRoot = "";
			targets = (
				D4B32C592A8BD05600B648AF /* History_App */,
				D4B32C692A8BD05600B648AF /* History_AppTests */,
				D4B32C732A8BD05600B648AF /* History_AppUITests */,
			);
		};
/* End PBXProject section */

/* Begin PBXResourcesBuildPhase section */
		D4B32C582A8BD05600B648AF /* Resources */ = {
			isa = PBXResourcesBuildPhase;
			buildActionMask = 2147483647;
			files = (
				D4B32C652A8BD05600B648AF /* Preview Assets.xcassets in Resources */,
				D4B32C622A8BD05600B648AF /* Assets.xcassets in Resources */,
			);
			runOnlyForDeploymentPostprocessing = 0;
		};
		D4B32C682A8BD05600B648AF /* Resources */ = {
			isa = PBXResourcesBuildPhase;
			buildActionMask = 2147483647;
			files = (
			);
			runOnlyForDeploymentPostprocessing = 0;
		};
		D4B32C722A8BD05600B648AF /* Resources */ = {
			isa = PBXResourcesBuildPhase;
			buildActionMask = 2147483647;
			files = (
			);
			runOnlyForDeploymentPostprocessing = 0;
		};
/* End PBXResourcesBuildPhase section */

/* Begin PBXSourcesBuildPhase section */
		D4B32C562A8BD05600B648AF /* Sources */ = {
			isa = PBXSourcesBuildPhase;
			buildActionMask = 2147483647;
			files = (
				D4B32C602A8BD05600B648AF /* ContentView.swift in Sources */,
				D4B32C5E2A8BD05600B648AF /* History_AppApp.swift in Sources */,
			);
			runOnlyForDeploymentPostprocessing = 0;
		};
		D4B32C662A8BD05600B648AF /* Sources */ = {
			isa = PBXSourcesBuildPhase;
			buildActionMask = 2147483647;
			files = (
				D4B32C6F2A8BD05600B648AF /* History_AppTests.swift in Sources */,
			);
			runOnlyForDeploymentPostprocessing = 0;
		};
		D4B32C702A8BD05600B648AF /* Sources */ = {
			isa = PBXSourcesBuildPhase;
			buildActionMask = 2147483647;
			files = (
				D4B32C792A8BD05600B648AF /* History_AppUITests.swift in Sources */,
				D4B32C7B2A8BD05600B648AF /* History_AppUITestsLaunchTests.swift in Sources */,
			);
			runOnlyForDeploymentPostprocessing = 0;
		};
/* End PBXSourcesBuildPhase section */

/* Begin PBXTargetDependency section */
		D4B32C6C2A8BD05600B648AF /* PBXTargetDependency */ = {
			isa = PBXTargetDependency;
			target = D4B32C592A8BD05600B648AF /* History_App */;
			targetProxy = D4B32C6B2A8BD05600B648AF /* PBXContainerItemProxy */;
		};
		D4B32C762A8BD05600B648AF /* PBXTargetDependency */ = {
			isa = PBXTargetDependency;
			target = D4B32C592A8BD05600B648AF /* History_App */;
			targetProxy = D4B32C752A8BD05600B648AF /* PBXContainerItemProxy */;
		};
/* End PBXTargetDependency section */

/* Begin XCBuildConfiguration section */
		D4B32C7C2A8BD05600B648AF /* Debug */ = {
			isa = XCBuildConfiguration;
			buildSettings = {
				ALWAYS_SEARCH_USER_PATHS = NO;
				CLANG_ANALYZER_NONNULL = YES;
				CLANG_ANALYZER_NUMBER_OBJECT_CONVERSION = YES_AGGRESSIVE;
				CLANG_CXX_LANGUAGE_STANDARD = "gnu++20";
				CLANG_ENABLE_MODULES = YES;
				CLANG_ENABLE_OBJC_ARC = YES;
				CLANG_ENABLE_OBJC_WEAK = YES;
				CLANG_WARN_BLOCK_CAPTURE_AUTORELEASING = YES;
				CLANG_WARN_BOOL_CONVERSION = YES;
				CLANG_WARN_COMMA = YES;
				CLANG_WARN_CONSTANT_CONVERSION = YES;
				CLANG_WARN_DEPRECATED_OBJC_IMPLEMENTATIONS = YES;
				CLANG_WARN_DIRECT_OBJC_ISA_USAGE = YES_ERROR;
				CLANG_WARN_DOCUMENTATION_COMMENTS = YES;
				CLANG_WARN_EMPTY_BODY = YES;
				CLANG_WARN_ENUM_CONVERSION = YES;
				CLANG_WARN_INFINITE_RECURSION = YES;
				CLANG_WARN_INT_CONVERSION = YES;
				CLANG_WARN_NON_LITERAL_NULL_CONVERSION = YES;
				CLANG_WARN_OBJC_IMPLICIT_RETAIN_SELF = YES;
				CLANG_WARN_OBJC_LITERAL_CONVERSION = YES;
				CLANG_WARN_OBJC_ROOT_CLASS = YES_ERROR;
				CLANG_WARN_QUOTED_INCLUDE_IN_FRAMEWORK_HEADER = YES;
				CLANG_WARN_RANGE_LOOP_ANALYSIS = YES;
				CLANG_WARN_STRICT_PROTOTYPES = YES;
				CLANG_WARN_SUSPICIOUS_MOVE = YES;
				CLANG_WARN_UNGUARDED_AVAILABILITY = YES_AGGRESSIVE;
				CLANG_WARN_UNREACHABLE_CODE = YES;
				CLANG_WARN__DUPLICATE_METHOD_MATCH = YES;
				COPY_PHASE_STRIP = NO;
				DEBUG_INFORMATION_FORMAT = dwarf;
				ENABLE_STRICT_OBJC_MSGSEND = YES;
				ENABLE_TESTABILITY = YES;
				GCC_C_LANGUAGE_STANDARD = gnu11;
				GCC_DYNAMIC_NO_PIC = NO;
				GCC_NO_COMMON_BLOCKS = YES;
				GCC_OPTIMIZATION_LEVEL = 0;
				GCC_PREPROCESSOR_DEFINITIONS = (
					"DEBUG=1",
					"$(inherited)",
				);
				GCC_WARN_64_TO_32_BIT_CONVERSION = YES;
				GCC_WARN_ABOUT_RETURN_TYPE = YES_ERROR;
				GCC_WARN_UNDECLARED_SELECTOR = YES;
				GCC_WARN_UNINITIALIZED_AUTOS = YES_AGGRESSIVE;
				GCC_WARN_UNUSED_FUNCTION = YES;
				GCC_WARN_UNUSED_VARIABLE = YES;
				IPHONEOS_DEPLOYMENT_TARGET = 16.4;
				MTL_ENABLE_DEBUG_INFO = INCLUDE_SOURCE;
				MTL_FAST_MATH = YES;
				ONLY_ACTIVE_ARCH = YES;
				SDKROOT = iphoneos;
				SWIFT_ACTIVE_COMPILATION_CONDITIONS = DEBUG;
				SWIFT_OPTIMIZATION_LEVEL = "-Onone";
			};
			name = Debug;
		};
		D4B32C7D2A8BD05600B648AF /* Release */ = {
			isa = XCBuildConfiguration;
			buildSettings = {
				ALWAYS_SEARCH_USER_PATHS = NO;
				CLANG_ANALYZER_NONNULL = YES;
				CLANG_ANALYZER_NUMBER_OBJECT_CONVERSION = YES_AGGRESSIVE;
				CLANG_CXX_LANGUAGE_STANDARD = "gnu++20";
				CLANG_ENABLE_MODULES = YES;
				CLANG_ENABLE_OBJC_ARC = YES;
				CLANG_ENABLE_OBJC_WEAK = YES;
				CLANG_WARN_BLOCK_CAPTURE_AUTORELEASING = YES;
				CLANG_WARN_BOOL_CONVERSION = YES;
				CLANG_WARN_COMMA = YES;
				CLANG_WARN_CONSTANT_CONVERSION = YES;
				CLANG_WARN_DEPRECATED_OBJC_IMPLEMENTATIONS = YES;
				CLANG_WARN_DIRECT_OBJC_ISA_USAGE = YES_ERROR;
				CLANG_WARN_DOCUMENTATION_COMMENTS = YES;
				CLANG_WARN_EMPTY_BODY = YES;
				CLANG_WARN_ENUM_CONVERSION = YES;
				CLANG_WARN_INFINITE_RECURSION = YES;
				CLANG_WARN_INT_CONVERSION = YES;
				CLANG_WARN_NON_LITERAL_NULL_CONVERSION = YES;
				CLANG_WARN_OBJC_IMPLICIT_RETAIN_SELF = YES;
				CLANG_WARN_OBJC_LITERAL_CONVERSION = YES;
				CLANG_WARN_OBJC_ROOT_CLASS = YES_ERROR;
				CLANG_WARN_QUOTED_INCLUDE_IN_FRAMEWORK_HEADER = YES;
				CLANG_WARN_RANGE_LOOP_ANALYSIS = YES;
				CLANG_WARN_STRICT_PROTOTYPES = YES;
				CLANG_WARN_SUSPICIOUS_MOVE = YES;
				CLANG_WARN_UNGUARDED_AVAILABILITY = YES_AGGRESSIVE;
				CLANG_WARN_UNREACHABLE_CODE = YES;
				CLANG_WARN__DUPLICATE_METHOD_MATCH = YES;
				COPY_PHASE_STRIP = NO;
				DEBUG_INFORMATION_FORMAT = "dwarf-with-dsym";
				ENABLE_NS_ASSERTIONS = NO;
				ENABLE_STRICT_OBJC_MSGSEND = YES;
				GCC_C_LANGUAGE_STANDARD = gnu11;
				GCC_NO_COMMON_BLOCKS = YES;
				GCC_WARN_64_TO_32_BIT_CONVERSION = YES;
				GCC_WARN_ABOUT_RETURN_TYPE = YES_ERROR;
				GCC_WARN_UNDECLARED_SELECTOR = YES;
				GCC_WARN_UNINITIALIZED_AUTOS = YES_AGGRESSIVE;
				GCC_WARN_UNUSED_FUNCTION = YES;
				GCC_WARN_UNUSED_VARIABLE = YES;
				IPHONEOS_DEPLOYMENT_TARGET = 16.4;
				MTL_ENABLE_DEBUG_INFO = NO;
				MTL_FAST_MATH = YES;
				SDKROOT = iphoneos;
				SWIFT_COMPILATION_MODE = wholemodule;
				SWIFT_OPTIMIZATION_LEVEL = "-O";
				VALIDATE_PRODUCT = YES;
			};
			name = Release;
		};
		D4B32C7F2A8BD05600B648AF /* Debug */ = {
			isa = XCBuildConfiguration;
			buildSettings = {
				ASSETCATALOG_COMPILER_APPICON_NAME = AppIcon;
				ASSETCATALOG_COMPILER_GLOBAL_ACCENT_COLOR_NAME = AccentColor;
				CODE_SIGN_STYLE = Automatic;
				CURRENT_PROJECT_VERSION = 1;
				DEVELOPMENT_ASSET_PATHS = "\"History_App/Preview Content\"";
				DEVELOPMENT_TEAM = WT54TQ5G55;
				ENABLE_PREVIEWS = YES;
				GENERATE_INFOPLIST_FILE = YES;
				INFOPLIST_KEY_UIApplicationSceneManifest_Generation = YES;
				INFOPLIST_KEY_UIApplicationSupportsIndirectInputEvents = YES;
				INFOPLIST_KEY_UILaunchScreen_Generation = YES;
				INFOPLIST_KEY_UISupportedInterfaceOrientations_iPad = "UIInterfaceOrientationPortrait UIInterfaceOrientationPortraitUpsideDown UIInterfaceOrientationLandscapeLeft UIInterfaceOrientationLandscapeRight";
				INFOPLIST_KEY_UISupportedInterfaceOrientations_iPhone = "UIInterfaceOrientationPortrait UIInterfaceOrientationLandscapeLeft UIInterfaceOrientationLandscapeRight";
				LD_RUNPATH_SEARCH_PATHS = (
					"$(inherited)",
					"@executable_path/Frameworks",
				);
				MARKETING_VERSION = 1.0;
				PRODUCT_BUNDLE_IDENTIFIER = "eyh.com.History-App";
				PRODUCT_NAME = "$(TARGET_NAME)";
				SWIFT_EMIT_LOC_STRINGS = YES;
				SWIFT_VERSION = 5.0;
				TARGETED_DEVICE_FAMILY = "1,2";
			};
			name = Debug;
		};
		D4B32C802A8BD05600B648AF /* Release */ = {
			isa = XCBuildConfiguration;
			buildSettings = {
				ASSETCATALOG_COMPILER_APPICON_NAME = AppIcon;
				ASSETCATALOG_COMPILER_GLOBAL_ACCENT_COLOR_NAME = AccentColor;
				CODE_SIGN_STYLE = Automatic;
				CURRENT_PROJECT_VERSION = 1;
				DEVELOPMENT_ASSET_PATHS = "\"History_App/Preview Content\"";
				DEVELOPMENT_TEAM = WT54TQ5G55;
				ENABLE_PREVIEWS = YES;
				GENERATE_INFOPLIST_FILE = YES;
				INFOPLIST_KEY_UIApplicationSceneManifest_Generation = YES;
				INFOPLIST_KEY_UIApplicationSupportsIndirectInputEvents = YES;
				INFOPLIST_KEY_UILaunchScreen_Generation = YES;
				INFOPLIST_KEY_UISupportedInterfaceOrientations_iPad = "UIInterfaceOrientationPortrait UIInterfaceOrientationPortraitUpsideDown UIInterfaceOrientationLandscapeLeft UIInterfaceOrientationLandscapeRight";
				INFOPLIST_KEY_UISupportedInterfaceOrientations_iPhone = "UIInterfaceOrientationPortrait UIInterfaceOrientationLandscapeLeft UIInterfaceOrientationLandscapeRight";
				LD_RUNPATH_SEARCH_PATHS = (
					"$(inherited)",
					"@executable_path/Frameworks",
				);
				MARKETING_VERSION = 1.0;
				PRODUCT_BUNDLE_IDENTIFIER = "eyh.com.History-App";
				PRODUCT_NAME = "$(TARGET_NAME)";
				SWIFT_EMIT_LOC_STRINGS = YES;
				SWIFT_VERSION = 5.0;
				TARGETED_DEVICE_FAMILY = "1,2";
			};
			name = Release;
		};
		D4B32C822A8BD05600B648AF /* Debug */ = {
			isa = XCBuildConfiguration;
			buildSettings = {
				ALWAYS_EMBED_SWIFT_STANDARD_LIBRARIES = YES;
				BUNDLE_LOADER = "$(TEST_HOST)";
				CODE_SIGN_STYLE = Automatic;
				CURRENT_PROJECT_VERSION = 1;
				GENERATE_INFOPLIST_FILE = YES;
				IPHONEOS_DEPLOYMENT_TARGET = 16.4;
				MARKETING_VERSION = 1.0;
				PRODUCT_BUNDLE_IDENTIFIER = "eyh.com.History-AppTests";
				PRODUCT_NAME = "$(TARGET_NAME)";
				SWIFT_EMIT_LOC_STRINGS = NO;
				SWIFT_VERSION = 5.0;
				TARGETED_DEVICE_FAMILY = "1,2";
				TEST_HOST = "$(BUILT_PRODUCTS_DIR)/History_App.app/$(BUNDLE_EXECUTABLE_FOLDER_PATH)/History_App";
			};
			name = Debug;
		};
		D4B32C832A8BD05600B648AF /* Release */ = {
			isa = XCBuildConfiguration;
			buildSettings = {
				ALWAYS_EMBED_SWIFT_STANDARD_LIBRARIES = YES;
				BUNDLE_LOADER = "$(TEST_HOST)";
				CODE_SIGN_STYLE = Automatic;
				CURRENT_PROJECT_VERSION = 1;
				GENERATE_INFOPLIST_FILE = YES;
				IPHONEOS_DEPLOYMENT_TARGET = 16.4;
				MARKETING_VERSION = 1.0;
				PRODUCT_BUNDLE_IDENTIFIER = "eyh.com.History-AppTests";
				PRODUCT_NAME = "$(TARGET_NAME)";
				SWIFT_EMIT_LOC_STRINGS = NO;
				SWIFT_VERSION = 5.0;
				TARGETED_DEVICE_FAMILY = "1,2";
				TEST_HOST = "$(BUILT_PRODUCTS_DIR)/History_App.app/$(BUNDLE_EXECUTABLE_FOLDER_PATH)/History_App";
			};
			name = Release;
		};
		D4B32C852A8BD05600B648AF /* Debug */ = {
			isa = XCBuildConfiguration;
			buildSettings = {
				ALWAYS_EMBED_SWIFT_STANDARD_LIBRARIES = YES;
				CODE_SIGN_STYLE = Automatic;
				CURRENT_PROJECT_VERSION = 1;
				GENERATE_INFOPLIST_FILE = YES;
				MARKETING_VERSION = 1.0;
				PRODUCT_BUNDLE_IDENTIFIER = "eyh.com.History-AppUITests";
				PRODUCT_NAME = "$(TARGET_NAME)";
				SWIFT_EMIT_LOC_STRINGS = NO;
				SWIFT_VERSION = 5.0;
				TARGETED_DEVICE_FAMILY = "1,2";
				TEST_TARGET_NAME = History_App;
			};
			name = Debug;
		};
		D4B32C862A8BD05600B648AF /* Release */ = {
			isa = XCBuildConfiguration;
			buildSettings = {
				ALWAYS_EMBED_SWIFT_STANDARD_LIBRARIES = YES;
				CODE_SIGN_STYLE = Automatic;
				CURRENT_PROJECT_VERSION = 1;
				GENERATE_INFOPLIST_FILE = YES;
				MARKETING_VERSION = 1.0;
				PRODUCT_BUNDLE_IDENTIFIER = "eyh.com.History-AppUITests";
				PRODUCT_NAME = "$(TARGET_NAME)";
				SWIFT_EMIT_LOC_STRINGS = NO;
				SWIFT_VERSION = 5.0;
				TARGETED_DEVICE_FAMILY = "1,2";
				TEST_TARGET_NAME = History_App;
			};
			name = Release;
		};
/* End XCBuildConfiguration section */

/* Begin XCConfigurationList section */
		D4B32C552A8BD05600B648AF /* Build configuration list for PBXProject "History_App" */ = {
			isa = XCConfigurationList;
			buildConfigurations = (
				D4B32C7C2A8BD05600B648AF /* Debug */,
				D4B32C7D2A8BD05600B648AF /* Release */,
			);
			defaultConfigurationIsVisible = 0;
			defaultConfigurationName = Release;
		};
		D4B32C7E2A8BD05600B648AF /* Build configuration list for PBXNativeTarget "History_App" */ = {
			isa = XCConfigurationList;
			buildConfigurations = (
				D4B32C7F2A8BD05600B648AF /* Debug */,
				D4B32C802A8BD05600B648AF /* Release */,
			);
			defaultConfigurationIsVisible = 0;
			defaultConfigurationName = Release;
		};
		D4B32C812A8BD05600B648AF /* Build configuration list for PBXNativeTarget "History_AppTests" */ = {
			isa = XCConfigurationList;
			buildConfigurations = (
				D4B32C822A8BD05600B648AF /* Debug */,
				D4B32C832A8BD05600B648AF /* Release */,
			);
			defaultConfigurationIsVisible = 0;
			defaultConfigurationName = Release;
		};
		D4B32C842A8BD05600B648AF /* Build configuration list for PBXNativeTarget "History_AppUITests" */ = {
			isa = XCConfigurationList;
			buildConfigurations = (
				D4B32C852A8BD05600B648AF /* Debug */,
				D4B32C862A8BD05600B648AF /* Release */,
			);
			defaultConfigurationIsVisible = 0;
			defaultConfigurationName = Release;
		};
/* End XCConfigurationList section */
	};
	rootObject = D4B32C522A8BD05600B648AF /* Project object */;
}
